
Microsoft Visual Studio Solution File, Format Version 12.00
# Visual Studio 15
VisualStudioVersion = 15.0.28010.2050
MinimumVisualStudioVersion = 10.0.40219.1
Project("{FAE04EC0-301F-11D3-BF4B-00C04F79EFBC}") = "EsercizioWebApiEF", "EsercizioWebApiEF\EsercizioWebApiEF.csproj", "{2F1F36A1-5A25-4552-9E40-99CC72378CEE}"
EndProject
Global
	GlobalSection(SolutionConfigurationPlatforms) = preSolution
		Debug|Any CPU = Debug|Any CPU
		Release|Any CPU = Release|Any CPU
	EndGlobalSection
	GlobalSection(ProjectConfigurationPlatforms) = postSolution
		{2F1F36A1-5A25-4552-9E40-99CC72378CEE}.Debug|Any CPU.ActiveCfg = Debug|Any CPU
		{2F1F36A1-5A25-4552-9E40-99CC72378CEE}.Debug|Any CPU.Build.0 = Debug|Any CPU
		{2F1F36A1-5A25-4552-9E40-99CC72378CEE}.Release|Any CPU.ActiveCfg = Release|Any CPU
		{2F1F36A1-5A25-4552-9E40-99CC72378CEE}.Release|Any CPU.Build.0 = Release|Any CPU
	EndGlobalSection
	GlobalSection(SolutionProperties) = preSolution
		HideSolutionNode = FALSE
	EndGlobalSection
	GlobalSection(ExtensibilityGlobals) = postSolution
		SolutionGuid = {AAB6AC81-5EEC-45AD-BC36-EB2FCA025D34}
	EndGlobalSection
EndGlobal
